// !$*UTF8*$!
{
	archiveVersion = 1;
	classes = {
	};
	objectVersion = 50;
	objects = {

/* Begin PBXBuildFile section */
		53B1A8A9223FCF0B001C93F9 /* AppDelegate.swift in Sources */ = {isa = PBXBuildFile; fileRef = 53B1A8A8223FCF0B001C93F9 /* AppDelegate.swift */; };
		53B1A8AB223FCF0B001C93F9 /* MasterViewController.swift in Sources */ = {isa = PBXBuildFile; fileRef = 53B1A8AA223FCF0B001C93F9 /* MasterViewController.swift */; };
		53B1A8AD223FCF0B001C93F9 /* DetailViewController.swift in Sources */ = {isa = PBXBuildFile; fileRef = 53B1A8AC223FCF0B001C93F9 /* DetailViewController.swift */; };
		53B1A8B0223FCF0B001C93F9 /* Main.storyboard in Resources */ = {isa = PBXBuildFile; fileRef = 53B1A8AE223FCF0B001C93F9 /* Main.storyboard */; };
		53B1A8B2223FCF0C001C93F9 /* Assets.xcassets in Resources */ = {isa = PBXBuildFile; fileRef = 53B1A8B1223FCF0C001C93F9 /* Assets.xcassets */; };
		53B1A8B5223FCF0C001C93F9 /* LaunchScreen.storyboard in Resources */ = {isa = PBXBuildFile; fileRef = 53B1A8B3223FCF0C001C93F9 /* LaunchScreen.storyboard */; };
		53B1A8C0223FCF0C001C93F9 /* IRDb_NQMTests.swift in Sources */ = {isa = PBXBuildFile; fileRef = 53B1A8BF223FCF0C001C93F9 /* IRDb_NQMTests.swift */; };
		53B1A8CB223FCF0C001C93F9 /* IRDb_NQMUITests.swift in Sources */ = {isa = PBXBuildFile; fileRef = 53B1A8CA223FCF0C001C93F9 /* IRDb_NQMUITests.swift */; };
		53B1A8D9223FD35C001C93F9 /* MovieDataController.swift in Sources */ = {isa = PBXBuildFile; fileRef = 53B1A8D8223FD35C001C93F9 /* MovieDataController.swift */; };
		53B1A8DB223FD41B001C93F9 /* MovieDataModel.swift in Sources */ = {isa = PBXBuildFile; fileRef = 53B1A8DA223FD41B001C93F9 /* MovieDataModel.swift */; };
/* End PBXBuildFile section */

/* Begin PBXContainerItemProxy section */
		53B1A8BC223FCF0C001C93F9 /* PBXContainerItemProxy */ = {
			isa = PBXContainerItemProxy;
			containerPortal = 53B1A89D223FCF0B001C93F9 /* Project object */;
			proxyType = 1;
			remoteGlobalIDString = 53B1A8A4223FCF0B001C93F9;
			remoteInfo = IRDb_NQM;
		};
		53B1A8C7223FCF0C001C93F9 /* PBXContainerItemProxy */ = {
			isa = PBXContainerItemProxy;
			containerPortal = 53B1A89D223FCF0B001C93F9 /* Project object */;
			proxyType = 1;
			remoteGlobalIDString = 53B1A8A4223FCF0B001C93F9;
			remoteInfo = IRDb_NQM;
		};
/* End PBXContainerItemProxy section */

/* Begin PBXFileReference section */
		53B1A8A5223FCF0B001C93F9 /* IRDb_NQM.app */ = {isa = PBXFileReference; explicitFileType = wrapper.application; includeInIndex = 0; path = IRDb_NQM.app; sourceTree = BUILT_PRODUCTS_DIR; };
		53B1A8A8223FCF0B001C93F9 /* AppDelegate.swift */ = {isa = PBXFileReference; lastKnownFileType = sourcecode.swift; path = AppDelegate.swift; sourceTree = "<group>"; };
		53B1A8AA223FCF0B001C93F9 /* MasterViewController.swift */ = {isa = PBXFileReference; lastKnownFileType = sourcecode.swift; path = MasterViewController.swift; sourceTree = "<group>"; };
		53B1A8AC223FCF0B001C93F9 /* DetailViewController.swift */ = {isa = PBXFileReference; lastKnownFileType = sourcecode.swift; path = DetailViewController.swift; sourceTree = "<group>"; };
		53B1A8AF223FCF0B001C93F9 /* Base */ = {isa = PBXFileReference; lastKnownFileType = file.storyboard; name = Base; path = Base.lproj/Main.storyboard; sourceTree = "<group>"; };
		53B1A8B1223FCF0C001C93F9 /* Assets.xcassets */ = {isa = PBXFileReference; lastKnownFileType = folder.assetcatalog; path = Assets.xcassets; sourceTree = "<group>"; };
		53B1A8B4223FCF0C001C93F9 /* Base */ = {isa = PBXFileReference; lastKnownFileType = file.storyboard; name = Base; path = Base.lproj/LaunchScreen.storyboard; sourceTree = "<group>"; };
		53B1A8B6223FCF0C001C93F9 /* Info.plist */ = {isa = PBXFileReference; lastKnownFileType = text.plist.xml; path = Info.plist; sourceTree = "<group>"; };
		53B1A8BB223FCF0C001C93F9 /* IRDb_NQMTests.xctest */ = {isa = PBXFileReference; explicitFileType = wrapper.cfbundle; includeInIndex = 0; path = IRDb_NQMTests.xctest; sourceTree = BUILT_PRODUCTS_DIR; };
		53B1A8BF223FCF0C001C93F9 /* IRDb_NQMTests.swift */ = {isa = PBXFileReference; lastKnownFileType = sourcecode.swift; path = IRDb_NQMTests.swift; sourceTree = "<group>"; };
		53B1A8C1223FCF0C001C93F9 /* Info.plist */ = {isa = PBXFileReference; lastKnownFileType = text.plist.xml; path = Info.plist; sourceTree = "<group>"; };
		53B1A8C6223FCF0C001C93F9 /* IRDb_NQMUITests.xctest */ = {isa = PBXFileReference; explicitFileType = wrapper.cfbundle; includeInIndex = 0; path = IRDb_NQMUITests.xctest; sourceTree = BUILT_PRODUCTS_DIR; };
		53B1A8CA223FCF0C001C93F9 /* IRDb_NQMUITests.swift */ = {isa = PBXFileReference; lastKnownFileType = sourcecode.swift; path = IRDb_NQMUITests.swift; sourceTree = "<group>"; };
		53B1A8CC223FCF0C001C93F9 /* Info.plist */ = {isa = PBXFileReference; lastKnownFileType = text.plist.xml; path = Info.plist; sourceTree = "<group>"; };
		53B1A8D8223FD35C001C93F9 /* MovieDataController.swift */ = {isa = PBXFileReference; lastKnownFileType = sourcecode.swift; path = MovieDataController.swift; sourceTree = "<group>"; };
		53B1A8DA223FD41B001C93F9 /* MovieDataModel.swift */ = {isa = PBXFileReference; lastKnownFileType = sourcecode.swift; path = MovieDataModel.swift; sourceTree = "<group>"; };
/* End PBXFileReference section */

/* Begin PBXFrameworksBuildPhase section */
		53B1A8A2223FCF0B001C93F9 /* Frameworks */ = {
			isa = PBXFrameworksBuildPhase;
			buildActionMask = 2147483647;
			files = (
			);
			runOnlyForDeploymentPostprocessing = 0;
		};
		53B1A8B8223FCF0C001C93F9 /* Frameworks */ = {
			isa = PBXFrameworksBuildPhase;
			buildActionMask = 2147483647;
			files = (
			);
			runOnlyForDeploymentPostprocessing = 0;
		};
		53B1A8C3223FCF0C001C93F9 /* Frameworks */ = {
			isa = PBXFrameworksBuildPhase;
			buildActionMask = 2147483647;
			files = (
			);
			runOnlyForDeploymentPostprocessing = 0;
		};
/* End PBXFrameworksBuildPhase section */

/* Begin PBXGroup section */
		53B1A89C223FCF0B001C93F9 = {
			isa = PBXGroup;
			children = (
				53B1A8A7223FCF0B001C93F9 /* IRDb_NQM */,
				53B1A8BE223FCF0C001C93F9 /* IRDb_NQMTests */,
				53B1A8C9223FCF0C001C93F9 /* IRDb_NQMUITests */,
				53B1A8A6223FCF0B001C93F9 /* Products */,
			);
			sourceTree = "<group>";
		};
		53B1A8A6223FCF0B001C93F9 /* Products */ = {
			isa = PBXGroup;
			children = (
				53B1A8A5223FCF0B001C93F9 /* IRDb_NQM.app */,
				53B1A8BB223FCF0C001C93F9 /* IRDb_NQMTests.xctest */,
				53B1A8C6223FCF0C001C93F9 /* IRDb_NQMUITests.xctest */,
			);
			name = Products;
			sourceTree = "<group>";
		};
		53B1A8A7223FCF0B001C93F9 /* IRDb_NQM */ = {
			isa = PBXGroup;
			children = (
				53B1A8A8223FCF0B001C93F9 /* AppDelegate.swift */,
				53B1A8AA223FCF0B001C93F9 /* MasterViewController.swift */,
				53B1A8AC223FCF0B001C93F9 /* DetailViewController.swift */,
				53B1A8AE223FCF0B001C93F9 /* Main.storyboard */,
				53B1A8B1223FCF0C001C93F9 /* Assets.xcassets */,
				53B1A8B3223FCF0C001C93F9 /* LaunchScreen.storyboard */,
				53B1A8D8223FD35C001C93F9 /* MovieDataController.swift */,
				53B1A8DA223FD41B001C93F9 /* MovieDataModel.swift */,
				53B1A8B6223FCF0C001C93F9 /* Info.plist */,
			);
			path = IRDb_NQM;
			sourceTree = "<group>";
		};
		53B1A8BE223FCF0C001C93F9 /* IRDb_NQMTests */ = {
			isa = PBXGroup;
			children = (
				53B1A8BF223FCF0C001C93F9 /* IRDb_NQMTests.swift */,
				53B1A8C1223FCF0C001C93F9 /* Info.plist */,
			);
			path = IRDb_NQMTests;
			sourceTree = "<group>";
		};
		53B1A8C9223FCF0C001C93F9 /* IRDb_NQMUITests */ = {
			isa = PBXGroup;
			children = (
				53B1A8CA223FCF0C001C93F9 /* IRDb_NQMUITests.swift */,
				53B1A8CC223FCF0C001C93F9 /* Info.plist */,
			);
			path = IRDb_NQMUITests;
			sourceTree = "<group>";
		};
/* End PBXGroup section */

/* Begin PBXNativeTarget section */
		53B1A8A4223FCF0B001C93F9 /* IRDb_NQM */ = {
			isa = PBXNativeTarget;
			buildConfigurationList = 53B1A8CF223FCF0C001C93F9 /* Build configuration list for PBXNativeTarget "IRDb_NQM" */;
			buildPhases = (
				53B1A8A1223FCF0B001C93F9 /* Sources */,
				53B1A8A2223FCF0B001C93F9 /* Frameworks */,
				53B1A8A3223FCF0B001C93F9 /* Resources */,
			);
			buildRules = (
			);
			dependencies = (
			);
			name = IRDb_NQM;
			productName = IRDb_NQM;
			productReference = 53B1A8A5223FCF0B001C93F9 /* IRDb_NQM.app */;
			productType = "com.apple.product-type.application";
		};
		53B1A8BA223FCF0C001C93F9 /* IRDb_NQMTests */ = {
			isa = PBXNativeTarget;
			buildConfigurationList = 53B1A8D2223FCF0C001C93F9 /* Build configuration list for PBXNativeTarget "IRDb_NQMTests" */;
			buildPhases = (
				53B1A8B7223FCF0C001C93F9 /* Sources */,
				53B1A8B8223FCF0C001C93F9 /* Frameworks */,
				53B1A8B9223FCF0C001C93F9 /* Resources */,
			);
			buildRules = (
			);
			dependencies = (
				53B1A8BD223FCF0C001C93F9 /* PBXTargetDependency */,
			);
			name = IRDb_NQMTests;
			productName = IRDb_NQMTests;
			productReference = 53B1A8BB223FCF0C001C93F9 /* IRDb_NQMTests.xctest */;
			productType = "com.apple.product-type.bundle.unit-test";
		};
		53B1A8C5223FCF0C001C93F9 /* IRDb_NQMUITests */ = {
			isa = PBXNativeTarget;
			buildConfigurationList = 53B1A8D5223FCF0C001C93F9 /* Build configuration list for PBXNativeTarget "IRDb_NQMUITests" */;
			buildPhases = (
				53B1A8C2223FCF0C001C93F9 /* Sources */,
				53B1A8C3223FCF0C001C93F9 /* Frameworks */,
				53B1A8C4223FCF0C001C93F9 /* Resources */,
			);
			buildRules = (
			);
			dependencies = (
				53B1A8C8223FCF0C001C93F9 /* PBXTargetDependency */,
			);
			name = IRDb_NQMUITests;
			productName = IRDb_NQMUITests;
			productReference = 53B1A8C6223FCF0C001C93F9 /* IRDb_NQMUITests.xctest */;
			productType = "com.apple.product-type.bundle.ui-testing";
		};
/* End PBXNativeTarget section */

/* Begin PBXProject section */
		53B1A89D223FCF0B001C93F9 /* Project object */ = {
			isa = PBXProject;
			attributes = {
				LastSwiftUpdateCheck = 1010;
				LastUpgradeCheck = 1010;
				ORGANIZATIONNAME = "Nnamdi Massally";
				TargetAttributes = {
					53B1A8A4223FCF0B001C93F9 = {
						CreatedOnToolsVersion = 10.1;
					};
					53B1A8BA223FCF0C001C93F9 = {
						CreatedOnToolsVersion = 10.1;
						TestTargetID = 53B1A8A4223FCF0B001C93F9;
					};
					53B1A8C5223FCF0C001C93F9 = {
						CreatedOnToolsVersion = 10.1;
						TestTargetID = 53B1A8A4223FCF0B001C93F9;
					};
				};
			};
			buildConfigurationList = 53B1A8A0223FCF0B001C93F9 /* Build configuration list for PBXProject "IRDb_NQM" */;
			compatibilityVersion = "Xcode 9.3";
			developmentRegion = en;
			hasScannedForEncodings = 0;
			knownRegions = (
				en,
				Base,
			);
			mainGroup = 53B1A89C223FCF0B001C93F9;
			productRefGroup = 53B1A8A6223FCF0B001C93F9 /* Products */;
			projectDirPath = "";
			projectRoot = "";
			targets = (
				53B1A8A4223FCF0B001C93F9 /* IRDb_NQM */,
				53B1A8BA223FCF0C001C93F9 /* IRDb_NQMTests */,
				53B1A8C5223FCF0C001C93F9 /* IRDb_NQMUITests */,
			);
		};
/* End PBXProject section */

/* Begin PBXResourcesBuildPhase section */
		53B1A8A3223FCF0B001C93F9 /* Resources */ = {
			isa = PBXResourcesBuildPhase;
			buildActionMask = 2147483647;
			files = (
				53B1A8B5223FCF0C001C93F9 /* LaunchScreen.storyboard in Resources */,
				53B1A8B2223FCF0C001C93F9 /* Assets.xcassets in Resources */,
				53B1A8B0223FCF0B001C93F9 /* Main.storyboard in Resources */,
			);
			runOnlyForDeploymentPostprocessing = 0;
		};
		53B1A8B9223FCF0C001C93F9 /* Resources */ = {
			isa = PBXResourcesBuildPhase;
			buildActionMask = 2147483647;
			files = (
			);
			runOnlyForDeploymentPostprocessing = 0;
		};
		53B1A8C4223FCF0C001C93F9 /* Resources */ = {
			isa = PBXResourcesBuildPhase;
			buildActionMask = 2147483647;
			files = (
			);
			runOnlyForDeploymentPostprocessing = 0;
		};
/* End PBXResourcesBuildPhase section */

/* Begin PBXSourcesBuildPhase section */
		53B1A8A1223FCF0B001C93F9 /* Sources */ = {
			isa = PBXSourcesBuildPhase;
			buildActionMask = 2147483647;
			files = (
				53B1A8AD223FCF0B001C93F9 /* DetailViewController.swift in Sources */,
				53B1A8AB223FCF0B001C93F9 /* MasterViewController.swift in Sources */,
				53B1A8DB223FD41B001C93F9 /* MovieDataModel.swift in Sources */,
				53B1A8D9223FD35C001C93F9 /* MovieDataController.swift in Sources */,
				53B1A8A9223FCF0B001C93F9 /* AppDelegate.swift in Sources */,
			);
			runOnlyForDeploymentPostprocessing = 0;
		};
		53B1A8B7223FCF0C001C93F9 /* Sources */ = {
			isa = PBXSourcesBuildPhase;
			buildActionMask = 2147483647;
			files = (
				53B1A8C0223FCF0C001C93F9 /* IRDb_NQMTests.swift in Sources */,
			);
			runOnlyForDeploymentPostprocessing = 0;
		};
		53B1A8C2223FCF0C001C93F9 /* Sources */ = {
			isa = PBXSourcesBuildPhase;
			buildActionMask = 2147483647;
			files = (
				53B1A8CB223FCF0C001C93F9 /* IRDb_NQMUITests.swift in Sources */,
			);
			runOnlyForDeploymentPostprocessing = 0;
		};
/* End PBXSourcesBuildPhase section */

/* Begin PBXTargetDependency section */
		53B1A8BD223FCF0C001C93F9 /* PBXTargetDependency */ = {
			isa = PBXTargetDependency;
			target = 53B1A8A4223FCF0B001C93F9 /* IRDb_NQM */;
			targetProxy = 53B1A8BC223FCF0C001C93F9 /* PBXContainerItemProxy */;
		};
		53B1A8C8223FCF0C001C93F9 /* PBXTargetDependency */ = {
			isa = PBXTargetDependency;
			target = 53B1A8A4223FCF0B001C93F9 /* IRDb_NQM */;
			targetProxy = 53B1A8C7223FCF0C001C93F9 /* PBXContainerItemProxy */;
		};
/* End PBXTargetDependency section */

/* Begin PBXVariantGroup section */
		53B1A8AE223FCF0B001C93F9 /* Main.storyboard */ = {
			isa = PBXVariantGroup;
			children = (
				53B1A8AF223FCF0B001C93F9 /* Base */,
			);
			name = Main.storyboard;
			sourceTree = "<group>";
		};
		53B1A8B3223FCF0C001C93F9 /* LaunchScreen.storyboard */ = {
			isa = PBXVariantGroup;
			children = (
				53B1A8B4223FCF0C001C93F9 /* Base */,
			);
			name = LaunchScreen.storyboard;
			sourceTree = "<group>";
		};
/* End PBXVariantGroup section */

/* Begin XCBuildConfiguration section */
		53B1A8CD223FCF0C001C93F9 /* Debug */ = {
			isa = XCBuildConfiguration;
			buildSettings = {
				ALWAYS_SEARCH_USER_PATHS = NO;
				CLANG_ANALYZER_NONNULL = YES;
				CLANG_ANALYZER_NUMBER_OBJECT_CONVERSION = YES_AGGRESSIVE;
				CLANG_CXX_LANGUAGE_STANDARD = "gnu++14";
				CLANG_CXX_LIBRARY = "libc++";
				CLANG_ENABLE_MODULES = YES;
				CLANG_ENABLE_OBJC_ARC = YES;
				CLANG_ENABLE_OBJC_WEAK = YES;
				CLANG_WARN_BLOCK_CAPTURE_AUTORELEASING = YES;
				CLANG_WARN_BOOL_CONVERSION = YES;
				CLANG_WARN_COMMA = YES;
				CLANG_WARN_CONSTANT_CONVERSION = YES;
				CLANG_WARN_DEPRECATED_OBJC_IMPLEMENTATIONS = YES;
				CLANG_WARN_DIRECT_OBJC_ISA_USAGE = YES_ERROR;
				CLANG_WARN_DOCUMENTATION_COMMENTS = YES;
				CLANG_WARN_EMPTY_BODY = YES;
				CLANG_WARN_ENUM_CONVERSION = YES;
				CLANG_WARN_INFINITE_RECURSION = YES;
				CLANG_WARN_INT_CONVERSION = YES;
				CLANG_WARN_NON_LITERAL_NULL_CONVERSION = YES;
				CLANG_WARN_OBJC_IMPLICIT_RETAIN_SELF = YES;
				CLANG_WARN_OBJC_LITERAL_CONVERSION = YES;
				CLANG_WARN_OBJC_ROOT_CLASS = YES_ERROR;
				CLANG_WARN_RANGE_LOOP_ANALYSIS = YES;
				CLANG_WARN_STRICT_PROTOTYPES = YES;
				CLANG_WARN_SUSPICIOUS_MOVE = YES;
				CLANG_WARN_UNGUARDED_AVAILABILITY = YES_AGGRESSIVE;
				CLANG_WARN_UNREACHABLE_CODE = YES;
				CLANG_WARN__DUPLICATE_METHOD_MATCH = YES;
				CODE_SIGN_IDENTITY = "iPhone Developer";
				COPY_PHASE_STRIP = NO;
				DEBUG_INFORMATION_FORMAT = dwarf;
				ENABLE_STRICT_OBJC_MSGSEND = YES;
				ENABLE_TESTABILITY = YES;
				GCC_C_LANGUAGE_STANDARD = gnu11;
				GCC_DYNAMIC_NO_PIC = NO;
				GCC_NO_COMMON_BLOCKS = YES;
				GCC_OPTIMIZATION_LEVEL = 0;
				GCC_PREPROCESSOR_DEFINITIONS = (
					"DEBUG=1",
					"$(inherited)",
				);
				GCC_WARN_64_TO_32_BIT_CONVERSION = YES;
				GCC_WARN_ABOUT_RETURN_TYPE = YES_ERROR;
				GCC_WARN_UNDECLARED_SELECTOR = YES;
				GCC_WARN_UNINITIALIZED_AUTOS = YES_AGGRESSIVE;
				GCC_WARN_UNUSED_FUNCTION = YES;
				GCC_WARN_UNUSED_VARIABLE = YES;
				IPHONEOS_DEPLOYMENT_TARGET = 12.1;
				MTL_ENABLE_DEBUG_INFO = INCLUDE_SOURCE;
				MTL_FAST_MATH = YES;
				ONLY_ACTIVE_ARCH = YES;
				SDKROOT = iphoneos;
				SWIFT_ACTIVE_COMPILATION_CONDITIONS = DEBUG;
				SWIFT_OPTIMIZATION_LEVEL = "-Onone";
			};
			name = Debug;
		};
		53B1A8CE223FCF0C001C93F9 /* Release */ = {
			isa = XCBuildConfiguration;
			buildSettings = {
				ALWAYS_SEARCH_USER_PATHS = NO;
				CLANG_ANALYZER_NONNULL = YES;
				CLANG_ANALYZER_NUMBER_OBJECT_CONVERSION = YES_AGGRESSIVE;
				CLANG_CXX_LANGUAGE_STANDARD = "gnu++14";
				CLANG_CXX_LIBRARY = "libc++";
				CLANG_ENABLE_MODULES = YES;
				CLANG_ENABLE_OBJC_ARC = YES;
				CLANG_ENABLE_OBJC_WEAK = YES;
				CLANG_WARN_BLOCK_CAPTURE_AUTORELEASING = YES;
				CLANG_WARN_BOOL_CONVERSION = YES;
				CLANG_WARN_COMMA = YES;
				CLANG_WARN_CONSTANT_CONVERSION = YES;
				CLANG_WARN_DEPRECATED_OBJC_IMPLEMENTATIONS = YES;
				CLANG_WARN_DIRECT_OBJC_ISA_USAGE = YES_ERROR;
				CLANG_WARN_DOCUMENTATION_COMMENTS = YES;
				CLANG_WARN_EMPTY_BODY = YES;
				CLANG_WARN_ENUM_CONVERSION = YES;
				CLANG_WARN_INFINITE_RECURSION = YES;
				CLANG_WARN_INT_CONVERSION = YES;
				CLANG_WARN_NON_LITERAL_NULL_CONVERSION = YES;
				CLANG_WARN_OBJC_IMPLICIT_RETAIN_SELF = YES;
				CLANG_WARN_OBJC_LITERAL_CONVERSION = YES;
				CLANG_WARN_OBJC_ROOT_CLASS = YES_ERROR;
				CLANG_WARN_RANGE_LOOP_ANALYSIS = YES;
				CLANG_WARN_STRICT_PROTOTYPES = YES;
				CLANG_WARN_SUSPICIOUS_MOVE = YES;
				CLANG_WARN_UNGUARDED_AVAILABILITY = YES_AGGRESSIVE;
				CLANG_WARN_UNREACHABLE_CODE = YES;
				CLANG_WARN__DUPLICATE_METHOD_MATCH = YES;
				CODE_SIGN_IDENTITY = "iPhone Developer";
				COPY_PHASE_STRIP = NO;
				DEBUG_INFORMATION_FORMAT = "dwarf-with-dsym";
				ENABLE_NS_ASSERTIONS = NO;
				ENABLE_STRICT_OBJC_MSGSEND = YES;
				GCC_C_LANGUAGE_STANDARD = gnu11;
				GCC_NO_COMMON_BLOCKS = YES;
				GCC_WARN_64_TO_32_BIT_CONVERSION = YES;
				GCC_WARN_ABOUT_RETURN_TYPE = YES_ERROR;
				GCC_WARN_UNDECLARED_SELECTOR = YES;
				GCC_WARN_UNINITIALIZED_AUTOS = YES_AGGRESSIVE;
				GCC_WARN_UNUSED_FUNCTION = YES;
				GCC_WARN_UNUSED_VARIABLE = YES;
				IPHONEOS_DEPLOYMENT_TARGET = 12.1;
				MTL_ENABLE_DEBUG_INFO = NO;
				MTL_FAST_MATH = YES;
				SDKROOT = iphoneos;
				SWIFT_COMPILATION_MODE = wholemodule;
				SWIFT_OPTIMIZATION_LEVEL = "-O";
				VALIDATE_PRODUCT = YES;
			};
			name = Release;
		};
		53B1A8D0223FCF0C001C93F9 /* Debug */ = {
			isa = XCBuildConfiguration;
			buildSettings = {
				ASSETCATALOG_COMPILER_APPICON_NAME = AppIcon;
				CODE_SIGN_STYLE = Automatic;
				INFOPLIST_FILE = IRDb_NQM/Info.plist;
				LD_RUNPATH_SEARCH_PATHS = (
					"$(inherited)",
					"@executable_path/Frameworks",
				);
				PRODUCT_BUNDLE_IDENTIFIER = "edu.acu.cs316.IRDb-NQM";
				PRODUCT_NAME = "$(TARGET_NAME)";
				SWIFT_VERSION = 4.2;
				TARGETED_DEVICE_FAMILY = "1,2";
			};
			name = Debug;
		};
		53B1A8D1223FCF0C001C93F9 /* Release */ = {
			isa = XCBuildConfiguration;
			buildSettings = {
				ASSETCATALOG_COMPILER_APPICON_NAME = AppIcon;
				CODE_SIGN_STYLE = Automatic;
				INFOPLIST_FILE = IRDb_NQM/Info.plist;
				LD_RUNPATH_SEARCH_PATHS = (
					"$(inherited)",
					"@executable_path/Frameworks",
				);
				PRODUCT_BUNDLE_IDENTIFIER = "edu.acu.cs316.IRDb-NQM";
				PRODUCT_NAME = "$(TARGET_NAME)";
				SWIFT_VERSION = 4.2;
				TARGETED_DEVICE_FAMILY = "1,2";
			};
			name = Release;
		};
		53B1A8D3223FCF0C001C93F9 /* Debug */ = {
			isa = XCBuildConfiguration;
			buildSettings = {
				ALWAYS_EMBED_SWIFT_STANDARD_LIBRARIES = YES;
				BUNDLE_LOADER = "$(TEST_HOST)";
				CODE_SIGN_STYLE = Automatic;
				INFOPLIST_FILE = IRDb_NQMTests/Info.plist;
				LD_RUNPATH_SEARCH_PATHS = (
					"$(inherited)",
					"@executable_path/Frameworks",
					"@loader_path/Frameworks",
				);
				PRODUCT_BUNDLE_IDENTIFIER = "edu.acu.cs316.IRDb-NQMTests";
				PRODUCT_NAME = "$(TARGET_NAME)";
				SWIFT_VERSION = 4.2;
				TARGETED_DEVICE_FAMILY = "1,2";
				TEST_HOST = "$(BUILT_PRODUCTS_DIR)/IRDb_NQM.app/IRDb_NQM";
			};
			name = Debug;
		};
		53B1A8D4223FCF0C001C93F9 /* Release */ = {
			isa = XCBuildConfiguration;
			buildSettings = {
				ALWAYS_EMBED_SWIFT_STANDARD_LIBRARIES = YES;
				BUNDLE_LOADER = "$(TEST_HOST)";
				CODE_SIGN_STYLE = Automatic;
				INFOPLIST_FILE = IRDb_NQMTests/Info.plist;
				LD_RUNPATH_SEARCH_PATHS = (
					"$(inherited)",
					"@executable_path/Frameworks",
					"@loader_path/Frameworks",
				);
				PRODUCT_BUNDLE_IDENTIFIER = "edu.acu.cs316.IRDb-NQMTests";
				PRODUCT_NAME = "$(TARGET_NAME)";
				SWIFT_VERSION = 4.2;
				TARGETED_DEVICE_FAMILY = "1,2";
				TEST_HOST = "$(BUILT_PRODUCTS_DIR)/IRDb_NQM.app/IRDb_NQM";
			};
			name = Release;
		};
		53B1A8D6223FCF0C001C93F9 /* Debug */ = {
			isa = XCBuildConfiguration;
			buildSettings = {
				ALWAYS_EMBED_SWIFT_STANDARD_LIBRARIES = YES;
				CODE_SIGN_STYLE = Automatic;
				INFOPLIST_FILE = IRDb_NQMUITests/Info.plist;
				LD_RUNPATH_SEARCH_PATHS = (
					"$(inherited)",
					"@executable_path/Frameworks",
					"@loader_path/Frameworks",
				);
				PRODUCT_BUNDLE_IDENTIFIER = "edu.acu.cs316.IRDb-NQMUITests";
				PRODUCT_NAME = "$(TARGET_NAME)";
				SWIFT_VERSION = 4.2;
				TARGETED_DEVICE_FAMILY = "1,2";
				TEST_TARGET_NAME = IRDb_NQM;
			};
			name = Debug;
		};
		53B1A8D7223FCF0C001C93F9 /* Release */ = {
			isa = XCBuildConfiguration;
			buildSettings = {
				ALWAYS_EMBED_SWIFT_STANDARD_LIBRARIES = YES;
				CODE_SIGN_STYLE = Automatic;
				INFOPLIST_FILE = IRDb_NQMUITests/Info.plist;
				LD_RUNPATH_SEARCH_PATHS = (
					"$(inherited)",
					"@executable_path/Frameworks",
					"@loader_path/Frameworks",
				);
				PRODUCT_BUNDLE_IDENTIFIER = "edu.acu.cs316.IRDb-NQMUITests";
				PRODUCT_NAME = "$(TARGET_NAME)";
				SWIFT_VERSION = 4.2;
				TARGETED_DEVICE_FAMILY = "1,2";
				TEST_TARGET_NAME = IRDb_NQM;
			};
			name = Release;
		};
/* End XCBuildConfiguration section */

/* Begin XCConfigurationList section */
		53B1A8A0223FCF0B001C93F9 /* Build configuration list for PBXProject "IRDb_NQM" */ = {
			isa = XCConfigurationList;
			buildConfigurations = (
				53B1A8CD223FCF0C001C93F9 /* Debug */,
				53B1A8CE223FCF0C001C93F9 /* Release */,
			);
			defaultConfigurationIsVisible = 0;
			defaultConfigurationName = Release;
		};
		53B1A8CF223FCF0C001C93F9 /* Build configuration list for PBXNativeTarget "IRDb_NQM" */ = {
			isa = XCConfigurationList;
			buildConfigurations = (
				53B1A8D0223FCF0C001C93F9 /* Debug */,
				53B1A8D1223FCF0C001C93F9 /* Release */,
			);
			defaultConfigurationIsVisible = 0;
			defaultConfigurationName = Release;
		};
		53B1A8D2223FCF0C001C93F9 /* Build configuration list for PBXNativeTarget "IRDb_NQMTests" */ = {
			isa = XCConfigurationList;
			buildConfigurations = (
				53B1A8D3223FCF0C001C93F9 /* Debug */,
				53B1A8D4223FCF0C001C93F9 /* Release */,
			);
			defaultConfigurationIsVisible = 0;
			defaultConfigurationName = Release;
		};
		53B1A8D5223FCF0C001C93F9 /* Build configuration list for PBXNativeTarget "IRDb_NQMUITests" */ = {
			isa = XCConfigurationList;
			buildConfigurations = (
				53B1A8D6223FCF0C001C93F9 /* Debug */,
				53B1A8D7223FCF0C001C93F9 /* Release */,
			);
			defaultConfigurationIsVisible = 0;
			defaultConfigurationName = Release;
		};
/* End XCConfigurationList section */
	};
	rootObject = 53B1A89D223FCF0B001C93F9 /* Project object */;
}
